
Microsoft Visual Studio Solution File, Format Version 12.00
# Visual Studio Version 17
VisualStudioVersion = 17.1.32210.238
MinimumVisualStudioVersion = 10.0.40219.1
Project("{FAE04EC0-301F-11D3-BF4B-00C04F79EFBC}") = "moth.", "moth\moth..csproj", "{FF8D2B66-11B1-461A-A803-FF7AC8380B03}"
EndProject
Global
	GlobalSection(SolutionConfigurationPlatforms) = preSolution
		Debug|Any CPU = Debug|Any CPU
		Release|Any CPU = Release|Any CPU
	EndGlobalSection
	GlobalSection(ProjectConfigurationPlatforms) = postSolution
		{FF8D2B66-11B1-461A-A803-FF7AC8380B03}.Debug|Any CPU.ActiveCfg = Debug|Any CPU
		{FF8D2B66-11B1-461A-A803-FF7AC8380B03}.Debug|Any CPU.Build.0 = Debug|Any CPU
		{FF8D2B66-11B1-461A-A803-FF7AC8380B03}.Release|Any CPU.ActiveCfg = Release|Any CPU
		{FF8D2B66-11B1-461A-A803-FF7AC8380B03}.Release|Any CPU.Build.0 = Release|Any CPU
	EndGlobalSection
	GlobalSection(SolutionProperties) = preSolution
		HideSolutionNode = FALSE
	EndGlobalSection
	GlobalSection(ExtensibilityGlobals) = postSolution
		SolutionGuid = {85E38846-BA68-4070-AE0D-D147C4DAD421}
	EndGlobalSection
EndGlobal
